// !$*UTF8*$!
{
	archiveVersion = 1;
	classes = {
	};
	objectVersion = 50;
	objects = {

/* Begin PBXBuildFile section */
		07365ACB28D6416F00EB6F2C /* AppDelegate.swift in Sources */ = {isa = PBXBuildFile; fileRef = 07365ACA28D6416F00EB6F2C /* AppDelegate.swift */; };
		07365ACD28D6416F00EB6F2C /* SceneDelegate.swift in Sources */ = {isa = PBXBuildFile; fileRef = 07365ACC28D6416F00EB6F2C /* SceneDelegate.swift */; };
		07365AD228D6416F00EB6F2C /* Main.storyboard in Resources */ = {isa = PBXBuildFile; fileRef = 07365AD028D6416F00EB6F2C /* Main.storyboard */; };
		07365AD528D6416F00EB6F2C /* APODUI.xcdatamodeld in Sources */ = {isa = PBXBuildFile; fileRef = 07365AD328D6416F00EB6F2C /* APODUI.xcdatamodeld */; };
		07365AD728D6417000EB6F2C /* Assets.xcassets in Resources */ = {isa = PBXBuildFile; fileRef = 07365AD628D6417000EB6F2C /* Assets.xcassets */; };
		07365ADA28D6417000EB6F2C /* LaunchScreen.storyboard in Resources */ = {isa = PBXBuildFile; fileRef = 07365AD828D6417000EB6F2C /* LaunchScreen.storyboard */; };
		07365AE528D6417000EB6F2C /* APODUITests.swift in Sources */ = {isa = PBXBuildFile; fileRef = 07365AE428D6417000EB6F2C /* APODUITests.swift */; };
		07365B0028D643B100EB6F2C /* APODKit.framework in Frameworks */ = {isa = PBXBuildFile; fileRef = 07365AFF28D643B100EB6F2C /* APODKit.framework */; settings = {ATTRIBUTES = (Weak, ); }; };
		078DC6A528D84B1800ADD88E /* NetworkKit.framework in Frameworks */ = {isa = PBXBuildFile; fileRef = 078DC6A428D84B1800ADD88E /* NetworkKit.framework */; };
		078DC6A628D84B1800ADD88E /* NetworkKit.framework in Embed Frameworks */ = {isa = PBXBuildFile; fileRef = 078DC6A428D84B1800ADD88E /* NetworkKit.framework */; settings = {ATTRIBUTES = (CodeSignOnCopy, RemoveHeadersOnCopy, ); }; };
		07A9118928D72E2600492652 /* APODVC.swift in Sources */ = {isa = PBXBuildFile; fileRef = 07A9118828D72E2600492652 /* APODVC.swift */; };
		07A9118C28D72E4300492652 /* APODViewModel.swift in Sources */ = {isa = PBXBuildFile; fileRef = 07A9118B28D72E4300492652 /* APODViewModel.swift */; };
		07A9119028D7417900492652 /* APODDateVC.swift in Sources */ = {isa = PBXBuildFile; fileRef = 07A9118F28D7417900492652 /* APODDateVC.swift */; };
		07A9119328D742D200492652 /* RoundImage.swift in Sources */ = {isa = PBXBuildFile; fileRef = 07A9119228D742D200492652 /* RoundImage.swift */; };
		07A9119728D748CC00492652 /* APODVCModel.swift in Sources */ = {isa = PBXBuildFile; fileRef = 07A9119628D748CC00492652 /* APODVCModel.swift */; };
		07A9119928D74BD600492652 /* Constraints.swift in Sources */ = {isa = PBXBuildFile; fileRef = 07A9119828D74BD600492652 /* Constraints.swift */; };
		07A911A328D8122F00492652 /* UserDefaults.swift in Sources */ = {isa = PBXBuildFile; fileRef = 07A911A228D8122F00492652 /* UserDefaults.swift */; };
		07A911A728D8167E00492652 /* RecentlyVisitedVC.swift in Sources */ = {isa = PBXBuildFile; fileRef = 07A911A628D8167E00492652 /* RecentlyVisitedVC.swift */; };
		07A911AA28D8176E00492652 /* RecentCell.swift in Sources */ = {isa = PBXBuildFile; fileRef = 07A911A928D8176E00492652 /* RecentCell.swift */; };
/* End PBXBuildFile section */

/* Begin PBXContainerItemProxy section */
		07365AE128D6417000EB6F2C /* PBXContainerItemProxy */ = {
			isa = PBXContainerItemProxy;
			containerPortal = 07365ABF28D6416F00EB6F2C /* Project object */;
			proxyType = 1;
			remoteGlobalIDString = 07365AC628D6416F00EB6F2C;
			remoteInfo = APODUI;
		};
		078DC69228D84A1100ADD88E /* PBXContainerItemProxy */ = {
			isa = PBXContainerItemProxy;
			containerPortal = 078DC68C28D84A1100ADD88E /* APODKit.xcodeproj */;
			proxyType = 2;
			remoteGlobalIDString = 07365AA128D6410D00EB6F2C;
			remoteInfo = APODKit;
		};
		078DC69428D84A1100ADD88E /* PBXContainerItemProxy */ = {
			isa = PBXContainerItemProxy;
			containerPortal = 078DC68C28D84A1100ADD88E /* APODKit.xcodeproj */;
			proxyType = 2;
			remoteGlobalIDString = 07365AAA28D6410E00EB6F2C;
			remoteInfo = APODKitTests;
		};
/* End PBXContainerItemProxy section */

/* Begin PBXCopyFilesBuildPhase section */
		07365B0228D643B100EB6F2C /* Embed Frameworks */ = {
			isa = PBXCopyFilesBuildPhase;
			buildActionMask = 2147483647;
			dstPath = "";
			dstSubfolderSpec = 10;
			files = (
				078DC6A628D84B1800ADD88E /* NetworkKit.framework in Embed Frameworks */,
			);
			name = "Embed Frameworks";
			runOnlyForDeploymentPostprocessing = 0;
		};
/* End PBXCopyFilesBuildPhase section */

/* Begin PBXFileReference section */
		07365AC728D6416F00EB6F2C /* APODUI.app */ = {isa = PBXFileReference; explicitFileType = wrapper.application; includeInIndex = 0; path = APODUI.app; sourceTree = BUILT_PRODUCTS_DIR; };
		07365ACA28D6416F00EB6F2C /* AppDelegate.swift */ = {isa = PBXFileReference; lastKnownFileType = sourcecode.swift; path = AppDelegate.swift; sourceTree = "<group>"; };
		07365ACC28D6416F00EB6F2C /* SceneDelegate.swift */ = {isa = PBXFileReference; lastKnownFileType = sourcecode.swift; path = SceneDelegate.swift; sourceTree = "<group>"; };
		07365AD128D6416F00EB6F2C /* Base */ = {isa = PBXFileReference; lastKnownFileType = file.storyboard; name = Base; path = Base.lproj/Main.storyboard; sourceTree = "<group>"; };
		07365AD428D6416F00EB6F2C /* APODUI.xcdatamodel */ = {isa = PBXFileReference; lastKnownFileType = wrapper.xcdatamodel; path = APODUI.xcdatamodel; sourceTree = "<group>"; };
		07365AD628D6417000EB6F2C /* Assets.xcassets */ = {isa = PBXFileReference; lastKnownFileType = folder.assetcatalog; path = Assets.xcassets; sourceTree = "<group>"; };
		07365AD928D6417000EB6F2C /* Base */ = {isa = PBXFileReference; lastKnownFileType = file.storyboard; name = Base; path = Base.lproj/LaunchScreen.storyboard; sourceTree = "<group>"; };
		07365ADB28D6417000EB6F2C /* Info.plist */ = {isa = PBXFileReference; lastKnownFileType = text.plist.xml; path = Info.plist; sourceTree = "<group>"; };
		07365AE028D6417000EB6F2C /* APODUITests.xctest */ = {isa = PBXFileReference; explicitFileType = wrapper.cfbundle; includeInIndex = 0; path = APODUITests.xctest; sourceTree = BUILT_PRODUCTS_DIR; };
		07365AE428D6417000EB6F2C /* APODUITests.swift */ = {isa = PBXFileReference; lastKnownFileType = sourcecode.swift; path = APODUITests.swift; sourceTree = "<group>"; };
		07365AE628D6417000EB6F2C /* Info.plist */ = {isa = PBXFileReference; lastKnownFileType = text.plist.xml; path = Info.plist; sourceTree = "<group>"; };
		07365AFF28D643B100EB6F2C /* APODKit.framework */ = {isa = PBXFileReference; lastKnownFileType = wrapper.framework; name = APODKit.framework; path = "../../../../../../../Library/Developer/Xcode/DerivedData/APODKit-eospyzcwquqwcdcdlbwbapmkyprr/Build/Products/Debug-iphonesimulator/APODKit.framework"; sourceTree = "<group>"; };
		078DC68C28D84A1100ADD88E /* APODKit.xcodeproj */ = {isa = PBXFileReference; lastKnownFileType = "wrapper.pb-project"; name = APODKit.xcodeproj; path = Dependencies/APODKit/APODKit.xcodeproj; sourceTree = "<group>"; };
		078DC6A428D84B1800ADD88E /* NetworkKit.framework */ = {isa = PBXFileReference; explicitFileType = wrapper.framework; path = NetworkKit.framework; sourceTree = BUILT_PRODUCTS_DIR; };
		07A9118828D72E2600492652 /* APODVC.swift */ = {isa = PBXFileReference; lastKnownFileType = sourcecode.swift; path = APODVC.swift; sourceTree = "<group>"; };
		07A9118B28D72E4300492652 /* APODViewModel.swift */ = {isa = PBXFileReference; lastKnownFileType = sourcecode.swift; path = APODViewModel.swift; sourceTree = "<group>"; };
		07A9118F28D7417900492652 /* APODDateVC.swift */ = {isa = PBXFileReference; lastKnownFileType = sourcecode.swift; path = APODDateVC.swift; sourceTree = "<group>"; };
		07A9119228D742D200492652 /* RoundImage.swift */ = {isa = PBXFileReference; lastKnownFileType = sourcecode.swift; path = RoundImage.swift; sourceTree = "<group>"; };
		07A9119628D748CC00492652 /* APODVCModel.swift */ = {isa = PBXFileReference; lastKnownFileType = sourcecode.swift; path = APODVCModel.swift; sourceTree = "<group>"; };
		07A9119828D74BD600492652 /* Constraints.swift */ = {isa = PBXFileReference; lastKnownFileType = sourcecode.swift; path = Constraints.swift; sourceTree = "<group>"; };
		07A911A228D8122F00492652 /* UserDefaults.swift */ = {isa = PBXFileReference; lastKnownFileType = sourcecode.swift; path = UserDefaults.swift; sourceTree = "<group>"; };
		07A911A628D8167E00492652 /* RecentlyVisitedVC.swift */ = {isa = PBXFileReference; lastKnownFileType = sourcecode.swift; path = RecentlyVisitedVC.swift; sourceTree = "<group>"; };
		07A911A928D8176E00492652 /* RecentCell.swift */ = {isa = PBXFileReference; lastKnownFileType = sourcecode.swift; path = RecentCell.swift; sourceTree = "<group>"; };
/* End PBXFileReference section */

/* Begin PBXFrameworksBuildPhase section */
		07365AC428D6416F00EB6F2C /* Frameworks */ = {
			isa = PBXFrameworksBuildPhase;
			buildActionMask = 2147483647;
			files = (
				078DC6A528D84B1800ADD88E /* NetworkKit.framework in Frameworks */,
				07365B0028D643B100EB6F2C /* APODKit.framework in Frameworks */,
			);
			runOnlyForDeploymentPostprocessing = 0;
		};
		07365ADD28D6417000EB6F2C /* Frameworks */ = {
			isa = PBXFrameworksBuildPhase;
			buildActionMask = 2147483647;
			files = (
			);
			runOnlyForDeploymentPostprocessing = 0;
		};
/* End PBXFrameworksBuildPhase section */

/* Begin PBXGroup section */
		07365ABE28D6416F00EB6F2C = {
			isa = PBXGroup;
			children = (
				078DC68C28D84A1100ADD88E /* APODKit.xcodeproj */,
				07365AC928D6416F00EB6F2C /* APODUI */,
				07365AE328D6417000EB6F2C /* APODUITests */,
				07365AC828D6416F00EB6F2C /* Products */,
				07365AF828D6419400EB6F2C /* Frameworks */,
			);
			sourceTree = "<group>";
		};
		07365AC828D6416F00EB6F2C /* Products */ = {
			isa = PBXGroup;
			children = (
				07365AC728D6416F00EB6F2C /* APODUI.app */,
				07365AE028D6417000EB6F2C /* APODUITests.xctest */,
			);
			name = Products;
			sourceTree = "<group>";
		};
		07365AC928D6416F00EB6F2C /* APODUI */ = {
			isa = PBXGroup;
			children = (
				07A911A428D8164600492652 /* RecentlyVisited */,
				07A9119128D742B900492652 /* Custom */,
				07A9118628D72E0E00492652 /* APOD */,
				07365ACA28D6416F00EB6F2C /* AppDelegate.swift */,
				07365ACC28D6416F00EB6F2C /* SceneDelegate.swift */,
				07365AD028D6416F00EB6F2C /* Main.storyboard */,
				07365AD628D6417000EB6F2C /* Assets.xcassets */,
				07365AD828D6417000EB6F2C /* LaunchScreen.storyboard */,
				07365ADB28D6417000EB6F2C /* Info.plist */,
				07365AD328D6416F00EB6F2C /* APODUI.xcdatamodeld */,
			);
			path = APODUI;
			sourceTree = "<group>";
		};
		07365AE328D6417000EB6F2C /* APODUITests */ = {
			isa = PBXGroup;
			children = (
				07365AE428D6417000EB6F2C /* APODUITests.swift */,
				07365AE628D6417000EB6F2C /* Info.plist */,
			);
			path = APODUITests;
			sourceTree = "<group>";
		};
		07365AF828D6419400EB6F2C /* Frameworks */ = {
			isa = PBXGroup;
			children = (
				078DC6A428D84B1800ADD88E /* NetworkKit.framework */,
				07365AFF28D643B100EB6F2C /* APODKit.framework */,
			);
			name = Frameworks;
			sourceTree = "<group>";
		};
		078DC68D28D84A1100ADD88E /* Products */ = {
			isa = PBXGroup;
			children = (
				078DC69328D84A1100ADD88E /* APODKit.framework */,
				078DC69528D84A1100ADD88E /* APODKitTests.xctest */,
			);
			name = Products;
			sourceTree = "<group>";
		};
		07A9118628D72E0E00492652 /* APOD */ = {
			isa = PBXGroup;
			children = (
				07A9119528D748B900492652 /* Model */,
				07A9118A28D72E2E00492652 /* ViewModel */,
				07A9118728D72E1500492652 /* ViewController */,
			);
			path = APOD;
			sourceTree = "<group>";
		};
		07A9118728D72E1500492652 /* ViewController */ = {
			isa = PBXGroup;
			children = (
				07A9118828D72E2600492652 /* APODVC.swift */,
				07A9118F28D7417900492652 /* APODDateVC.swift */,
			);
			path = ViewController;
			sourceTree = "<group>";
		};
		07A9118A28D72E2E00492652 /* ViewModel */ = {
			isa = PBXGroup;
			children = (
				07A9118B28D72E4300492652 /* APODViewModel.swift */,
			);
			path = ViewModel;
			sourceTree = "<group>";
		};
		07A9119128D742B900492652 /* Custom */ = {
			isa = PBXGroup;
			children = (
				07A9119228D742D200492652 /* RoundImage.swift */,
				07A9119828D74BD600492652 /* Constraints.swift */,
				07A911A228D8122F00492652 /* UserDefaults.swift */,
			);
			path = Custom;
			sourceTree = "<group>";
		};
		07A9119528D748B900492652 /* Model */ = {
			isa = PBXGroup;
			children = (
				07A9119628D748CC00492652 /* APODVCModel.swift */,
			);
			path = Model;
			sourceTree = "<group>";
		};
		07A911A428D8164600492652 /* RecentlyVisited */ = {
			isa = PBXGroup;
			children = (
				07A911A828D8175800492652 /* View */,
				07A911A528D8166500492652 /* ViewController */,
			);
			path = RecentlyVisited;
			sourceTree = "<group>";
		};
		07A911A528D8166500492652 /* ViewController */ = {
			isa = PBXGroup;
			children = (
				07A911A628D8167E00492652 /* RecentlyVisitedVC.swift */,
			);
			path = ViewController;
			sourceTree = "<group>";
		};
		07A911A828D8175800492652 /* View */ = {
			isa = PBXGroup;
			children = (
				07A911A928D8176E00492652 /* RecentCell.swift */,
			);
			path = View;
			sourceTree = "<group>";
		};
/* End PBXGroup section */

/* Begin PBXNativeTarget section */
		07365AC628D6416F00EB6F2C /* APODUI */ = {
			isa = PBXNativeTarget;
			buildConfigurationList = 07365AE928D6417000EB6F2C /* Build configuration list for PBXNativeTarget "APODUI" */;
			buildPhases = (
				07365AC328D6416F00EB6F2C /* Sources */,
				07365AC428D6416F00EB6F2C /* Frameworks */,
				07365AC528D6416F00EB6F2C /* Resources */,
				07365B0228D643B100EB6F2C /* Embed Frameworks */,
			);
			buildRules = (
			);
			dependencies = (
			);
			name = APODUI;
			productName = APODUI;
			productReference = 07365AC728D6416F00EB6F2C /* APODUI.app */;
			productType = "com.apple.product-type.application";
		};
		07365ADF28D6417000EB6F2C /* APODUITests */ = {
			isa = PBXNativeTarget;
			buildConfigurationList = 07365AEC28D6417000EB6F2C /* Build configuration list for PBXNativeTarget "APODUITests" */;
			buildPhases = (
				07365ADC28D6417000EB6F2C /* Sources */,
				07365ADD28D6417000EB6F2C /* Frameworks */,
				07365ADE28D6417000EB6F2C /* Resources */,
			);
			buildRules = (
			);
			dependencies = (
				07365AE228D6417000EB6F2C /* PBXTargetDependency */,
			);
			name = APODUITests;
			productName = APODUITests;
			productReference = 07365AE028D6417000EB6F2C /* APODUITests.xctest */;
			productType = "com.apple.product-type.bundle.unit-test";
		};
/* End PBXNativeTarget section */

/* Begin PBXProject section */
		07365ABF28D6416F00EB6F2C /* Project object */ = {
			isa = PBXProject;
			attributes = {
				LastSwiftUpdateCheck = 1130;
				LastUpgradeCheck = 1130;
				ORGANIZATIONNAME = Nasa;
				TargetAttributes = {
					07365AC628D6416F00EB6F2C = {
						CreatedOnToolsVersion = 11.3.1;
					};
					07365ADF28D6417000EB6F2C = {
						CreatedOnToolsVersion = 11.3.1;
						TestTargetID = 07365AC628D6416F00EB6F2C;
					};
				};
			};
			buildConfigurationList = 07365AC228D6416F00EB6F2C /* Build configuration list for PBXProject "APODUI" */;
			compatibilityVersion = "Xcode 9.3";
			developmentRegion = en;
			hasScannedForEncodings = 0;
			knownRegions = (
				en,
				Base,
			);
			mainGroup = 07365ABE28D6416F00EB6F2C;
			productRefGroup = 07365AC828D6416F00EB6F2C /* Products */;
			projectDirPath = "";
			projectReferences = (
				{
					ProductGroup = 078DC68D28D84A1100ADD88E /* Products */;
					ProjectRef = 078DC68C28D84A1100ADD88E /* APODKit.xcodeproj */;
				},
			);
			projectRoot = "";
			targets = (
				07365AC628D6416F00EB6F2C /* APODUI */,
				07365ADF28D6417000EB6F2C /* APODUITests */,
			);
		};
/* End PBXProject section */

/* Begin PBXReferenceProxy section */
		078DC69328D84A1100ADD88E /* APODKit.framework */ = {
			isa = PBXReferenceProxy;
			fileType = wrapper.framework;
			path = APODKit.framework;
			remoteRef = 078DC69228D84A1100ADD88E /* PBXContainerItemProxy */;
			sourceTree = BUILT_PRODUCTS_DIR;
		};
		078DC69528D84A1100ADD88E /* APODKitTests.xctest */ = {
			isa = PBXReferenceProxy;
			fileType = wrapper.cfbundle;
			path = APODKitTests.xctest;
			remoteRef = 078DC69428D84A1100ADD88E /* PBXContainerItemProxy */;
			sourceTree = BUILT_PRODUCTS_DIR;
		};
/* End PBXReferenceProxy section */

/* Begin PBXResourcesBuildPhase section */
		07365AC528D6416F00EB6F2C /* Resources */ = {
			isa = PBXResourcesBuildPhase;
			buildActionMask = 2147483647;
			files = (
				07365ADA28D6417000EB6F2C /* LaunchScreen.storyboard in Resources */,
				07365AD728D6417000EB6F2C /* Assets.xcassets in Resources */,
				07365AD228D6416F00EB6F2C /* Main.storyboard in Resources */,
			);
			runOnlyForDeploymentPostprocessing = 0;
		};
		07365ADE28D6417000EB6F2C /* Resources */ = {
			isa = PBXResourcesBuildPhase;
			buildActionMask = 2147483647;
			files = (
			);
			runOnlyForDeploymentPostprocessing = 0;
		};
/* End PBXResourcesBuildPhase section */

/* Begin PBXSourcesBuildPhase section */
		07365AC328D6416F00EB6F2C /* Sources */ = {
			isa = PBXSourcesBuildPhase;
			buildActionMask = 2147483647;
			files = (
				07365AD528D6416F00EB6F2C /* APODUI.xcdatamodeld in Sources */,
				07A9119728D748CC00492652 /* APODVCModel.swift in Sources */,
				07A9119328D742D200492652 /* RoundImage.swift in Sources */,
				07A9119928D74BD600492652 /* Constraints.swift in Sources */,
				07A9118928D72E2600492652 /* APODVC.swift in Sources */,
				07A9119028D7417900492652 /* APODDateVC.swift in Sources */,
				07365ACB28D6416F00EB6F2C /* AppDelegate.swift in Sources */,
				07A9118C28D72E4300492652 /* APODViewModel.swift in Sources */,
				07A911AA28D8176E00492652 /* RecentCell.swift in Sources */,
				07A911A328D8122F00492652 /* UserDefaults.swift in Sources */,
				07A911A728D8167E00492652 /* RecentlyVisitedVC.swift in Sources */,
				07365ACD28D6416F00EB6F2C /* SceneDelegate.swift in Sources */,
			);
			runOnlyForDeploymentPostprocessing = 0;
		};
		07365ADC28D6417000EB6F2C /* Sources */ = {
			isa = PBXSourcesBuildPhase;
			buildActionMask = 2147483647;
			files = (
				07365AE528D6417000EB6F2C /* APODUITests.swift in Sources */,
			);
			runOnlyForDeploymentPostprocessing = 0;
		};
/* End PBXSourcesBuildPhase section */

/* Begin PBXTargetDependency section */
		07365AE228D6417000EB6F2C /* PBXTargetDependency */ = {
			isa = PBXTargetDependency;
			target = 07365AC628D6416F00EB6F2C /* APODUI */;
			targetProxy = 07365AE128D6417000EB6F2C /* PBXContainerItemProxy */;
		};
/* End PBXTargetDependency section */

/* Begin PBXVariantGroup section */
		07365AD028D6416F00EB6F2C /* Main.storyboard */ = {
			isa = PBXVariantGroup;
			children = (
				07365AD128D6416F00EB6F2C /* Base */,
			);
			name = Main.storyboard;
			sourceTree = "<group>";
		};
		07365AD828D6417000EB6F2C /* LaunchScreen.storyboard */ = {
			isa = PBXVariantGroup;
			children = (
				07365AD928D6417000EB6F2C /* Base */,
			);
			name = LaunchScreen.storyboard;
			sourceTree = "<group>";
		};
/* End PBXVariantGroup section */

/* Begin XCBuildConfiguration section */
		07365AE728D6417000EB6F2C /* Debug */ = {
			isa = XCBuildConfiguration;
			buildSettings = {
				ALWAYS_SEARCH_USER_PATHS = NO;
				CLANG_ANALYZER_NONNULL = YES;
				CLANG_ANALYZER_NUMBER_OBJECT_CONVERSION = YES_AGGRESSIVE;
				CLANG_CXX_LANGUAGE_STANDARD = "gnu++14";
				CLANG_CXX_LIBRARY = "libc++";
				CLANG_ENABLE_MODULES = YES;
				CLANG_ENABLE_OBJC_ARC = YES;
				CLANG_ENABLE_OBJC_WEAK = YES;
				CLANG_WARN_BLOCK_CAPTURE_AUTORELEASING = YES;
				CLANG_WARN_BOOL_CONVERSION = YES;
				CLANG_WARN_COMMA = YES;
				CLANG_WARN_CONSTANT_CONVERSION = YES;
				CLANG_WARN_DEPRECATED_OBJC_IMPLEMENTATIONS = YES;
				CLANG_WARN_DIRECT_OBJC_ISA_USAGE = YES_ERROR;
				CLANG_WARN_DOCUMENTATION_COMMENTS = YES;
				CLANG_WARN_EMPTY_BODY = YES;
				CLANG_WARN_ENUM_CONVERSION = YES;
				CLANG_WARN_INFINITE_RECURSION = YES;
				CLANG_WARN_INT_CONVERSION = YES;
				CLANG_WARN_NON_LITERAL_NULL_CONVERSION = YES;
				CLANG_WARN_OBJC_IMPLICIT_RETAIN_SELF = YES;
				CLANG_WARN_OBJC_LITERAL_CONVERSION = YES;
				CLANG_WARN_OBJC_ROOT_CLASS = YES_ERROR;
				CLANG_WARN_RANGE_LOOP_ANALYSIS = YES;
				CLANG_WARN_STRICT_PROTOTYPES = YES;
				CLANG_WARN_SUSPICIOUS_MOVE = YES;
				CLANG_WARN_UNGUARDED_AVAILABILITY = YES_AGGRESSIVE;
				CLANG_WARN_UNREACHABLE_CODE = YES;
				CLANG_WARN__DUPLICATE_METHOD_MATCH = YES;
				COPY_PHASE_STRIP = NO;
				DEBUG_INFORMATION_FORMAT = dwarf;
				ENABLE_STRICT_OBJC_MSGSEND = YES;
				ENABLE_TESTABILITY = YES;
				GCC_C_LANGUAGE_STANDARD = gnu11;
				GCC_DYNAMIC_NO_PIC = NO;
				GCC_NO_COMMON_BLOCKS = YES;
				GCC_OPTIMIZATION_LEVEL = 0;
				GCC_PREPROCESSOR_DEFINITIONS = (
					"DEBUG=1",
					"$(inherited)",
				);
				GCC_WARN_64_TO_32_BIT_CONVERSION = YES;
				GCC_WARN_ABOUT_RETURN_TYPE = YES_ERROR;
				GCC_WARN_UNDECLARED_SELECTOR = YES;
				GCC_WARN_UNINITIALIZED_AUTOS = YES_AGGRESSIVE;
				GCC_WARN_UNUSED_FUNCTION = YES;
				GCC_WARN_UNUSED_VARIABLE = YES;
				IPHONEOS_DEPLOYMENT_TARGET = 13.2;
				MTL_ENABLE_DEBUG_INFO = INCLUDE_SOURCE;
				MTL_FAST_MATH = YES;
				ONLY_ACTIVE_ARCH = YES;
				SDKROOT = iphoneos;
				SWIFT_ACTIVE_COMPILATION_CONDITIONS = DEBUG;
				SWIFT_OPTIMIZATION_LEVEL = "-Onone";
			};
			name = Debug;
		};
		07365AE828D6417000EB6F2C /* Release */ = {
			isa = XCBuildConfiguration;
			buildSettings = {
				ALWAYS_SEARCH_USER_PATHS = NO;
				CLANG_ANALYZER_NONNULL = YES;
				CLANG_ANALYZER_NUMBER_OBJECT_CONVERSION = YES_AGGRESSIVE;
				CLANG_CXX_LANGUAGE_STANDARD = "gnu++14";
				CLANG_CXX_LIBRARY = "libc++";
				CLANG_ENABLE_MODULES = YES;
				CLANG_ENABLE_OBJC_ARC = YES;
				CLANG_ENABLE_OBJC_WEAK = YES;
				CLANG_WARN_BLOCK_CAPTURE_AUTORELEASING = YES;
				CLANG_WARN_BOOL_CONVERSION = YES;
				CLANG_WARN_COMMA = YES;
				CLANG_WARN_CONSTANT_CONVERSION = YES;
				CLANG_WARN_DEPRECATED_OBJC_IMPLEMENTATIONS = YES;
				CLANG_WARN_DIRECT_OBJC_ISA_USAGE = YES_ERROR;
				CLANG_WARN_DOCUMENTATION_COMMENTS = YES;
				CLANG_WARN_EMPTY_BODY = YES;
				CLANG_WARN_ENUM_CONVERSION = YES;
				CLANG_WARN_INFINITE_RECURSION = YES;
				CLANG_WARN_INT_CONVERSION = YES;
				CLANG_WARN_NON_LITERAL_NULL_CONVERSION = YES;
				CLANG_WARN_OBJC_IMPLICIT_RETAIN_SELF = YES;
				CLANG_WARN_OBJC_LITERAL_CONVERSION = YES;
				CLANG_WARN_OBJC_ROOT_CLASS = YES_ERROR;
				CLANG_WARN_RANGE_LOOP_ANALYSIS = YES;
				CLANG_WARN_STRICT_PROTOTYPES = YES;
				CLANG_WARN_SUSPICIOUS_MOVE = YES;
				CLANG_WARN_UNGUARDED_AVAILABILITY = YES_AGGRESSIVE;
				CLANG_WARN_UNREACHABLE_CODE = YES;
				CLANG_WARN__DUPLICATE_METHOD_MATCH = YES;
				COPY_PHASE_STRIP = NO;
				DEBUG_INFORMATION_FORMAT = "dwarf-with-dsym";
				ENABLE_NS_ASSERTIONS = NO;
				ENABLE_STRICT_OBJC_MSGSEND = YES;
				GCC_C_LANGUAGE_STANDARD = gnu11;
				GCC_NO_COMMON_BLOCKS = YES;
				GCC_WARN_64_TO_32_BIT_CONVERSION = YES;
				GCC_WARN_ABOUT_RETURN_TYPE = YES_ERROR;
				GCC_WARN_UNDECLARED_SELECTOR = YES;
				GCC_WARN_UNINITIALIZED_AUTOS = YES_AGGRESSIVE;
				GCC_WARN_UNUSED_FUNCTION = YES;
				GCC_WARN_UNUSED_VARIABLE = YES;
				IPHONEOS_DEPLOYMENT_TARGET = 13.2;
				MTL_ENABLE_DEBUG_INFO = NO;
				MTL_FAST_MATH = YES;
				SDKROOT = iphoneos;
				SWIFT_COMPILATION_MODE = wholemodule;
				SWIFT_OPTIMIZATION_LEVEL = "-O";
				VALIDATE_PRODUCT = YES;
			};
			name = Release;
		};
		07365AEA28D6417000EB6F2C /* Debug */ = {
			isa = XCBuildConfiguration;
			buildSettings = {
				ASSETCATALOG_COMPILER_APPICON_NAME = AppIcon;
				CODE_SIGN_STYLE = Automatic;
				DEFINES_MODULE = YES;
				INFOPLIST_FILE = APODUI/Info.plist;
				LD_RUNPATH_SEARCH_PATHS = (
					"$(inherited)",
					"@executable_path/Frameworks",
				);
				PRODUCT_BUNDLE_IDENTIFIER = Nasa.APODUI;
				PRODUCT_NAME = "$(TARGET_NAME)";
				SWIFT_VERSION = 5.0;
				TARGETED_DEVICE_FAMILY = "1,2";
			};
			name = Debug;
		};
		07365AEB28D6417000EB6F2C /* Release */ = {
			isa = XCBuildConfiguration;
			buildSettings = {
				ASSETCATALOG_COMPILER_APPICON_NAME = AppIcon;
				CODE_SIGN_STYLE = Automatic;
				DEFINES_MODULE = YES;
				INFOPLIST_FILE = APODUI/Info.plist;
				LD_RUNPATH_SEARCH_PATHS = (
					"$(inherited)",
					"@executable_path/Frameworks",
				);
				PRODUCT_BUNDLE_IDENTIFIER = Nasa.APODUI;
				PRODUCT_NAME = "$(TARGET_NAME)";
				SWIFT_VERSION = 5.0;
				TARGETED_DEVICE_FAMILY = "1,2";
			};
			name = Release;
		};
		07365AED28D6417000EB6F2C /* Debug */ = {
			isa = XCBuildConfiguration;
			buildSettings = {
				ALWAYS_EMBED_SWIFT_STANDARD_LIBRARIES = YES;
				BUNDLE_LOADER = "$(TEST_HOST)";
				CODE_SIGN_STYLE = Automatic;
				INFOPLIST_FILE = APODUITests/Info.plist;
				IPHONEOS_DEPLOYMENT_TARGET = 13.2;
				LD_RUNPATH_SEARCH_PATHS = (
					"$(inherited)",
					"@executable_path/Frameworks",
					"@loader_path/Frameworks",
				);
				PRODUCT_BUNDLE_IDENTIFIER = Nasa.APODUITests;
				PRODUCT_NAME = "$(TARGET_NAME)";
				SWIFT_VERSION = 5.0;
				TARGETED_DEVICE_FAMILY = "1,2";
				TEST_HOST = "$(BUILT_PRODUCTS_DIR)/APODUI.app/APODUI";
			};
			name = Debug;
		};
		07365AEE28D6417000EB6F2C /* Release */ = {
			isa = XCBuildConfiguration;
			buildSettings = {
				ALWAYS_EMBED_SWIFT_STANDARD_LIBRARIES = YES;
				BUNDLE_LOADER = "$(TEST_HOST)";
				CODE_SIGN_STYLE = Automatic;
				INFOPLIST_FILE = APODUITests/Info.plist;
				IPHONEOS_DEPLOYMENT_TARGET = 13.2;
				LD_RUNPATH_SEARCH_PATHS = (
					"$(inherited)",
					"@executable_path/Frameworks",
					"@loader_path/Frameworks",
				);
				PRODUCT_BUNDLE_IDENTIFIER = Nasa.APODUITests;
				PRODUCT_NAME = "$(TARGET_NAME)";
				SWIFT_VERSION = 5.0;
				TARGETED_DEVICE_FAMILY = "1,2";
				TEST_HOST = "$(BUILT_PRODUCTS_DIR)/APODUI.app/APODUI";
			};
			name = Release;
		};
/* End XCBuildConfiguration section */

/* Begin XCConfigurationList section */
		07365AC228D6416F00EB6F2C /* Build configuration list for PBXProject "APODUI" */ = {
			isa = XCConfigurationList;
			buildConfigurations = (
				07365AE728D6417000EB6F2C /* Debug */,
				07365AE828D6417000EB6F2C /* Release */,
			);
			defaultConfigurationIsVisible = 0;
			defaultConfigurationName = Release;
		};
		07365AE928D6417000EB6F2C /* Build configuration list for PBXNativeTarget "APODUI" */ = {
			isa = XCConfigurationList;
			buildConfigurations = (
				07365AEA28D6417000EB6F2C /* Debug */,
				07365AEB28D6417000EB6F2C /* Release */,
			);
			defaultConfigurationIsVisible = 0;
			defaultConfigurationName = Release;
		};
		07365AEC28D6417000EB6F2C /* Build configuration list for PBXNativeTarget "APODUITests" */ = {
			isa = XCConfigurationList;
			buildConfigurations = (
				07365AED28D6417000EB6F2C /* Debug */,
				07365AEE28D6417000EB6F2C /* Release */,
			);
			defaultConfigurationIsVisible = 0;
			defaultConfigurationName = Release;
		};
/* End XCConfigurationList section */

/* Begin XCVersionGroup section */
		07365AD328D6416F00EB6F2C /* APODUI.xcdatamodeld */ = {
			isa = XCVersionGroup;
			children = (
				07365AD428D6416F00EB6F2C /* APODUI.xcdatamodel */,
			);
			currentVersion = 07365AD428D6416F00EB6F2C /* APODUI.xcdatamodel */;
			path = APODUI.xcdatamodeld;
			sourceTree = "<group>";
			versionGroupType = wrapper.xcdatamodel;
		};
/* End XCVersionGroup section */
	};
	rootObject = 07365ABF28D6416F00EB6F2C /* Project object */;
}
